
Microsoft Visual Studio Solution File, Format Version 12.00
# Visual Studio Version 17
VisualStudioVersion = 17.8.34525.116
MinimumVisualStudioVersion = 10.0.40219.1
Project("{9A19103F-16F7-4668-BE54-9A1E7A4F7556}") = "ProjektZiotest", "ProjektZiotest\ProjektZiotest.csproj", "{03BAF369-47DE-445E-95E4-2F3CE1AA961F}"
EndProject
Project("{FAE04EC0-301F-11D3-BF4B-00C04F79EFBC}") = "ProjectTests", "ProjectTests\ProjectTests.csproj", "{3CFE2519-CE76-483F-BEBD-3046D2AA7785}"
EndProject
Global
	GlobalSection(SolutionConfigurationPlatforms) = preSolution
		Debug|Any CPU = Debug|Any CPU
		Release|Any CPU = Release|Any CPU
	EndGlobalSection
	GlobalSection(ProjectConfigurationPlatforms) = postSolution
		{03BAF369-47DE-445E-95E4-2F3CE1AA961F}.Debug|Any CPU.ActiveCfg = Debug|Any CPU
		{03BAF369-47DE-445E-95E4-2F3CE1AA961F}.Debug|Any CPU.Build.0 = Debug|Any CPU
		{03BAF369-47DE-445E-95E4-2F3CE1AA961F}.Release|Any CPU.ActiveCfg = Release|Any CPU
		{03BAF369-47DE-445E-95E4-2F3CE1AA961F}.Release|Any CPU.Build.0 = Release|Any CPU
		{3CFE2519-CE76-483F-BEBD-3046D2AA7785}.Debug|Any CPU.ActiveCfg = Debug|Any CPU
		{3CFE2519-CE76-483F-BEBD-3046D2AA7785}.Debug|Any CPU.Build.0 = Debug|Any CPU
		{3CFE2519-CE76-483F-BEBD-3046D2AA7785}.Release|Any CPU.ActiveCfg = Release|Any CPU
		{3CFE2519-CE76-483F-BEBD-3046D2AA7785}.Release|Any CPU.Build.0 = Release|Any CPU
	EndGlobalSection
	GlobalSection(SolutionProperties) = preSolution
		HideSolutionNode = FALSE
	EndGlobalSection
	GlobalSection(ExtensibilityGlobals) = postSolution
		SolutionGuid = {C37202C9-FBD6-4670-94EA-21AF4280C782}
	EndGlobalSection
EndGlobal
